{
  "nodes": {
    "emacs-overlay": {
      "inputs": {
        "flake-utils": "flake-utils",
        "nixpkgs": "nixpkgs",
        "nixpkgs-stable": "nixpkgs-stable"
      },
      "locked": {
        "lastModified": 1687771626,
        "narHash": "sha256-Kjtev1TIgBUNW15YgDnTbZ/9qJlcNk4ANJOal/Anc98=",
        "owner": "nix-community",
        "repo": "emacs-overlay",
        "rev": "ceb35ffa6615a7f96d36d7651570f722452b743b",
        "type": "github"
      },
      "original": {
        "owner": "nix-community",
        "repo": "emacs-overlay",
        "type": "github"
      }
    },
    "flake-utils": {
      "inputs": {
        "systems": "systems"
      },
      "locked": {
        "lastModified": 1687709756,
        "narHash": "sha256-Y5wKlQSkgEK2weWdOu4J3riRd+kV/VCgHsqLNTTWQ/0=",
        "owner": "numtide",
        "repo": "flake-utils",
        "rev": "dbabf0ca0c0c4bce6ea5eaf65af5cb694d2082c7",
        "type": "github"
      },
      "original": {
        "owner": "numtide",
        "repo": "flake-utils",
        "type": "github"
      }
    },
    "nixpkgs": {
      "locked": {
        "lastModified": 1687681650,
        "narHash": "sha256-M2If+gRcfpmaJy/XbfSsRzLlPpoU4nr0NHnKKl50fd8=",
        "owner": "NixOS",
        "repo": "nixpkgs",
        "rev": "1c9db9710cb23d60570ad4d7ab829c2d34403de3",
        "type": "github"
      },
      "original": {
        "owner": "NixOS",
        "ref": "nixos-unstable",
        "repo": "nixpkgs",
        "type": "github"
      }
    },
    "nixpkgs-stable": {
      "locked": {
        "lastModified": 1687729501,
        "narHash": "sha256-mTLkMePoHUWvTCf3NuKbeYEea/tsikSIKBWwb9OfRr4=",
        "owner": "NixOS",
        "repo": "nixpkgs",
        "rev": "35130d4b4f0b8c50ed2aceb909a538c66c91d4a0",
        "type": "github"
      },
      "original": {
        "owner": "NixOS",
        "ref": "nixos-23.05",
        "repo": "nixpkgs",
        "type": "github"
      }
    },
    "nixpkgs_2": {
      "locked": {
        "lastModified": 1687789361,
        "narHash": "sha256-rU2mUQpJt75mLhfqJm23deKM5b3n82uEOUS5WUsqfsE=",
        "owner": "NixOS",
        "repo": "nixpkgs",
        "rev": "547cd96f10a3ac0126bc75d45b2337662df80f6a",
        "type": "github"
      },
      "original": {
        "owner": "NixOS",
        "repo": "nixpkgs",
        "type": "github"
      }
    },
    "packages-copilot": {
      "flake": false,
      "locked": {
        "lastModified": 1687684986,
        "narHash": "sha256-JNZSAeWWVKFGQ5sy6v+BwjksDkGA5ba8YOXD1gBzLwM=",
        "owner": "zerolfx",
        "repo": "copilot.el",
        "rev": "1a8ff54bbc7d3f9f65877cb5c8150f225bbc78f5",
        "type": "github"
      },
      "original": {
        "owner": "zerolfx",
        "repo": "copilot.el",
        "type": "github"
      }
    },
    "packages-org-pretty-table": {
      "flake": false,
      "locked": {
        "lastModified": 1679237547,
        "narHash": "sha256-IeHnoB9hpISwuzI+pKiU+5wvGvz9YJrG5amGg6DGgq4=",
        "owner": "Fuco1",
        "repo": "org-pretty-table",
        "rev": "38e4354bbf7a8d08294babd067fac697038119b1",
        "type": "github"
      },
      "original": {
        "owner": "Fuco1",
        "repo": "org-pretty-table",
        "type": "github"
      }
    },
    "packages-ox-chameleon": {
      "flake": false,
      "locked": {
        "lastModified": 1670262282,
        "narHash": "sha256-WYev30Ln1EDm1+brLpzjJRX48iDo18eLfiy05lrqQwY=",
        "owner": "tecosaur",
        "repo": "ox-chameleon",
        "rev": "0d7fdfcdab68f0ea690bb2e353704853007b067d",
        "type": "github"
      },
      "original": {
        "owner": "tecosaur",
        "repo": "ox-chameleon",
        "type": "github"
      }
    },
    "packages-targets": {
      "flake": false,
      "locked": {
        "lastModified": 1632665603,
        "narHash": "sha256-kra/VEXBzaxG7TUmilps0ukMOs33wSRbIez5LtxmgWU=",
        "owner": "noctuid",
        "repo": "targets.el",
        "rev": "082bd4f5c10ad85c8e042e67dc54ac57bfb21b1a",
        "type": "github"
      },
      "original": {
        "owner": "noctuid",
        "repo": "targets.el",
        "type": "github"
      }
    },
    "root": {
      "inputs": {
        "emacs-overlay": "emacs-overlay",
        "nixpkgs": "nixpkgs_2",
        "packages-copilot": "packages-copilot",
        "packages-org-pretty-table": "packages-org-pretty-table",
        "packages-ox-chameleon": "packages-ox-chameleon",
        "packages-targets": "packages-targets"
      }
    },
    "systems": {
      "locked": {
        "lastModified": 1681028828,
        "narHash": "sha256-Vy1rq5AaRuLzOxct8nz4T6wlgyUR7zLU309k9mBC768=",
        "owner": "nix-systems",
        "repo": "default",
        "rev": "da67096a3b9bf56a91d16901293e51ba5b49a27e",
        "type": "github"
      },
      "original": {
        "owner": "nix-systems",
        "repo": "default",
        "type": "github"
      }
    }
  },
  "root": "root",
  "version": 7
}
