name: Update Lockfile
on:
  workflow_dispatch:
  schedule:
    - cron: "0 0 * * 5"

jobs:
  lockfile-update:
    runs-on: ubuntu-latest
    steps:
      - name: Checkout repository
        uses: actions/checkout@v4
        with:
          ssh-key: ${{ secrets.SSH_PRIVATE_KEY }}
      - name: Install Nix
        uses: DeterminateSystems/nix-installer-action@v13
      - name: Cache nix
        uses: DeterminateSystems/magic-nix-cache-action@v7
      - name: Update flake.lock
        id: update
        uses: DeterminateSystems/update-flake-lock@v23
        with:
          token: ${{ secrets.GITHUB_TOKEN }}
      - name: Print PR number
        run: echo Pull request number is ${{ steps.update.outputs.pull-request-number }}.
      - name: Enable auto merge created PR
        env:
          GH_TOKEN: ${{ github.token }}
        run: gh pr merge --auto --squash ${{ steps.update.outputs.pull-request-number }}
